
Microsoft Visual Studio Solution File, Format Version 12.00
# Visual Studio 15
VisualStudioVersion = 15.0.27130.2036
MinimumVisualStudioVersion = 10.0.40219.1
Project("{FAE04EC0-301F-11D3-BF4B-00C04F79EFBC}") = "Main_MenuTask1", "Main_Menu\Main_MenuTask1.csproj", "{497EA0A8-D4C1-4C36-9B5A-A9D44AA13B9B}"
EndProject
Project("{FAE04EC0-301F-11D3-BF4B-00C04F79EFBC}") = "Task1B", "Task1\Task1B.csproj", "{427F1DBC-15B4-40B3-B01D-7C3D3B534DFE}"
EndProject
Project("{FAE04EC0-301F-11D3-BF4B-00C04F79EFBC}") = "Task1A", "Task1A\Task1A.csproj", "{998CE406-8254-4835-9146-A3EA757771FE}"
EndProject
Project("{FAE04EC0-301F-11D3-BF4B-00C04F79EFBC}") = "Task1C", "Task1C\Task1C.csproj", "{35709C5F-8DE1-46F7-9017-BDE76F42237D}"
EndProject
Project("{FAE04EC0-301F-11D3-BF4B-00C04F79EFBC}") = "Task1D", "Task1D\Task1D.csproj", "{D17BFF7D-7E5D-41BB-9012-90FACA23C7B6}"
EndProject
Project("{2150E333-8FDC-42A3-9474-1A3956D46DE8}") = "Task1", "Task1", "{2B88DD11-4FE8-4E88-9C88-DDB34DC21F0D}"
EndProject
Project("{2150E333-8FDC-42A3-9474-1A3956D46DE8}") = "Task2", "Task2", "{82AD34C2-F23A-412F-8FC6-0C0363CE5622}"
EndProject
Project("{FAE04EC0-301F-11D3-BF4B-00C04F79EFBC}") = "Main_MenuTask2", "Main_MenuTask1\Main_MenuTask2.csproj", "{2CC976A0-B664-46A8-B538-3FF008383F74}"
EndProject
Project("{FAE04EC0-301F-11D3-BF4B-00C04F79EFBC}") = "Object_OrientatedTask1A", "Object_Orientated\Object_OrientatedTask1A.csproj", "{20685624-1772-47D9-A125-B7F18B3D43CD}"
EndProject
Project("{FAE04EC0-301F-11D3-BF4B-00C04F79EFBC}") = "Object_OrientatedTask1B", "Object_OrientatedTask1B\Object_OrientatedTask1B.csproj", "{D97DD077-38E6-472D-B312-12FD71ED378F}"
EndProject
Global
	GlobalSection(SolutionConfigurationPlatforms) = preSolution
		Debug|Any CPU = Debug|Any CPU
		Release|Any CPU = Release|Any CPU
	EndGlobalSection
	GlobalSection(ProjectConfigurationPlatforms) = postSolution
		{497EA0A8-D4C1-4C36-9B5A-A9D44AA13B9B}.Debug|Any CPU.ActiveCfg = Debug|Any CPU
		{497EA0A8-D4C1-4C36-9B5A-A9D44AA13B9B}.Debug|Any CPU.Build.0 = Debug|Any CPU
		{497EA0A8-D4C1-4C36-9B5A-A9D44AA13B9B}.Release|Any CPU.ActiveCfg = Release|Any CPU
		{497EA0A8-D4C1-4C36-9B5A-A9D44AA13B9B}.Release|Any CPU.Build.0 = Release|Any CPU
		{427F1DBC-15B4-40B3-B01D-7C3D3B534DFE}.Debug|Any CPU.ActiveCfg = Debug|Any CPU
		{427F1DBC-15B4-40B3-B01D-7C3D3B534DFE}.Debug|Any CPU.Build.0 = Debug|Any CPU
		{427F1DBC-15B4-40B3-B01D-7C3D3B534DFE}.Release|Any CPU.ActiveCfg = Release|Any CPU
		{427F1DBC-15B4-40B3-B01D-7C3D3B534DFE}.Release|Any CPU.Build.0 = Release|Any CPU
		{998CE406-8254-4835-9146-A3EA757771FE}.Debug|Any CPU.ActiveCfg = Debug|Any CPU
		{998CE406-8254-4835-9146-A3EA757771FE}.Debug|Any CPU.Build.0 = Debug|Any CPU
		{998CE406-8254-4835-9146-A3EA757771FE}.Release|Any CPU.ActiveCfg = Release|Any CPU
		{998CE406-8254-4835-9146-A3EA757771FE}.Release|Any CPU.Build.0 = Release|Any CPU
		{35709C5F-8DE1-46F7-9017-BDE76F42237D}.Debug|Any CPU.ActiveCfg = Debug|Any CPU
		{35709C5F-8DE1-46F7-9017-BDE76F42237D}.Debug|Any CPU.Build.0 = Debug|Any CPU
		{35709C5F-8DE1-46F7-9017-BDE76F42237D}.Release|Any CPU.ActiveCfg = Release|Any CPU
		{35709C5F-8DE1-46F7-9017-BDE76F42237D}.Release|Any CPU.Build.0 = Release|Any CPU
		{D17BFF7D-7E5D-41BB-9012-90FACA23C7B6}.Debug|Any CPU.ActiveCfg = Debug|Any CPU
		{D17BFF7D-7E5D-41BB-9012-90FACA23C7B6}.Debug|Any CPU.Build.0 = Debug|Any CPU
		{D17BFF7D-7E5D-41BB-9012-90FACA23C7B6}.Release|Any CPU.ActiveCfg = Release|Any CPU
		{D17BFF7D-7E5D-41BB-9012-90FACA23C7B6}.Release|Any CPU.Build.0 = Release|Any CPU
		{2CC976A0-B664-46A8-B538-3FF008383F74}.Debug|Any CPU.ActiveCfg = Debug|Any CPU
		{2CC976A0-B664-46A8-B538-3FF008383F74}.Debug|Any CPU.Build.0 = Debug|Any CPU
		{2CC976A0-B664-46A8-B538-3FF008383F74}.Release|Any CPU.ActiveCfg = Release|Any CPU
		{2CC976A0-B664-46A8-B538-3FF008383F74}.Release|Any CPU.Build.0 = Release|Any CPU
		{20685624-1772-47D9-A125-B7F18B3D43CD}.Debug|Any CPU.ActiveCfg = Debug|Any CPU
		{20685624-1772-47D9-A125-B7F18B3D43CD}.Debug|Any CPU.Build.0 = Debug|Any CPU
		{20685624-1772-47D9-A125-B7F18B3D43CD}.Release|Any CPU.ActiveCfg = Release|Any CPU
		{20685624-1772-47D9-A125-B7F18B3D43CD}.Release|Any CPU.Build.0 = Release|Any CPU
		{D97DD077-38E6-472D-B312-12FD71ED378F}.Debug|Any CPU.ActiveCfg = Debug|Any CPU
		{D97DD077-38E6-472D-B312-12FD71ED378F}.Debug|Any CPU.Build.0 = Debug|Any CPU
		{D97DD077-38E6-472D-B312-12FD71ED378F}.Release|Any CPU.ActiveCfg = Release|Any CPU
		{D97DD077-38E6-472D-B312-12FD71ED378F}.Release|Any CPU.Build.0 = Release|Any CPU
	EndGlobalSection
	GlobalSection(SolutionProperties) = preSolution
		HideSolutionNode = FALSE
	EndGlobalSection
	GlobalSection(NestedProjects) = preSolution
		{497EA0A8-D4C1-4C36-9B5A-A9D44AA13B9B} = {2B88DD11-4FE8-4E88-9C88-DDB34DC21F0D}
		{427F1DBC-15B4-40B3-B01D-7C3D3B534DFE} = {2B88DD11-4FE8-4E88-9C88-DDB34DC21F0D}
		{998CE406-8254-4835-9146-A3EA757771FE} = {2B88DD11-4FE8-4E88-9C88-DDB34DC21F0D}
		{35709C5F-8DE1-46F7-9017-BDE76F42237D} = {2B88DD11-4FE8-4E88-9C88-DDB34DC21F0D}
		{D17BFF7D-7E5D-41BB-9012-90FACA23C7B6} = {2B88DD11-4FE8-4E88-9C88-DDB34DC21F0D}
		{2CC976A0-B664-46A8-B538-3FF008383F74} = {82AD34C2-F23A-412F-8FC6-0C0363CE5622}
	EndGlobalSection
	GlobalSection(ExtensibilityGlobals) = postSolution
		SolutionGuid = {AC665DC8-3663-44C8-87AF-545CB2179C32}
	EndGlobalSection
EndGlobal
